
Microsoft Visual Studio Solution File, Format Version 12.00
# Visual Studio 14
VisualStudioVersion = 14.0.25420.1
MinimumVisualStudioVersion = 10.0.40219.1
Project("{FAE04EC0-301F-11D3-BF4B-00C04F79EFBC}") = "Santase.Logic", "Santase.Logic\Santase.Logic.csproj", "{2F7E6154-312B-4290-91F8-E73A02EE1DBA}"
EndProject
Project("{FAE04EC0-301F-11D3-BF4B-00C04F79EFBC}") = "Santase.UI", "Santase.UI\Santase.UI.csproj", "{95C4EF04-AA75-4AF3-B2C7-2D3267712907}"
EndProject
Project("{FAE04EC0-301F-11D3-BF4B-00C04F79EFBC}") = "SantaseTests", "SantaseTests\SantaseTests.csproj", "{E0861362-B80A-4C79-9A65-82D52A030933}"
EndProject
Global
	GlobalSection(SolutionConfigurationPlatforms) = preSolution
		Debug|Any CPU = Debug|Any CPU
		Release|Any CPU = Release|Any CPU
	EndGlobalSection
	GlobalSection(ProjectConfigurationPlatforms) = postSolution
		{2F7E6154-312B-4290-91F8-E73A02EE1DBA}.Debug|Any CPU.ActiveCfg = Debug|Any CPU
		{2F7E6154-312B-4290-91F8-E73A02EE1DBA}.Debug|Any CPU.Build.0 = Debug|Any CPU
		{2F7E6154-312B-4290-91F8-E73A02EE1DBA}.Release|Any CPU.ActiveCfg = Release|Any CPU
		{2F7E6154-312B-4290-91F8-E73A02EE1DBA}.Release|Any CPU.Build.0 = Release|Any CPU
		{95C4EF04-AA75-4AF3-B2C7-2D3267712907}.Debug|Any CPU.ActiveCfg = Debug|Any CPU
		{95C4EF04-AA75-4AF3-B2C7-2D3267712907}.Debug|Any CPU.Build.0 = Debug|Any CPU
		{95C4EF04-AA75-4AF3-B2C7-2D3267712907}.Release|Any CPU.ActiveCfg = Release|Any CPU
		{95C4EF04-AA75-4AF3-B2C7-2D3267712907}.Release|Any CPU.Build.0 = Release|Any CPU
		{E0861362-B80A-4C79-9A65-82D52A030933}.Debug|Any CPU.ActiveCfg = Debug|Any CPU
		{E0861362-B80A-4C79-9A65-82D52A030933}.Debug|Any CPU.Build.0 = Debug|Any CPU
		{E0861362-B80A-4C79-9A65-82D52A030933}.Release|Any CPU.ActiveCfg = Release|Any CPU
		{E0861362-B80A-4C79-9A65-82D52A030933}.Release|Any CPU.Build.0 = Release|Any CPU
	EndGlobalSection
	GlobalSection(SolutionProperties) = preSolution
		HideSolutionNode = FALSE
	EndGlobalSection
EndGlobal
